
Microsoft Visual Studio Solution File, Format Version 12.00
# Visual Studio Version 17
VisualStudioVersion = 17.5.33424.131
MinimumVisualStudioVersion = 10.0.40219.1
Project("{9A19103F-16F7-4668-BE54-9A1E7A4F7556}") = "星號三角形_delegate_2", "星號三角形_delegate_2.csproj", "{E5F7DF5D-07D7-4C92-85C6-AA207C9ECD06}"
EndProject
Global
	GlobalSection(SolutionConfigurationPlatforms) = preSolution
		Debug|Any CPU = Debug|Any CPU
		Release|Any CPU = Release|Any CPU
	EndGlobalSection
	GlobalSection(ProjectConfigurationPlatforms) = postSolution
		{E5F7DF5D-07D7-4C92-85C6-AA207C9ECD06}.Debug|Any CPU.ActiveCfg = Debug|Any CPU
		{E5F7DF5D-07D7-4C92-85C6-AA207C9ECD06}.Debug|Any CPU.Build.0 = Debug|Any CPU
		{E5F7DF5D-07D7-4C92-85C6-AA207C9ECD06}.Release|Any CPU.ActiveCfg = Release|Any CPU
		{E5F7DF5D-07D7-4C92-85C6-AA207C9ECD06}.Release|Any CPU.Build.0 = Release|Any CPU
	EndGlobalSection
	GlobalSection(SolutionProperties) = preSolution
		HideSolutionNode = FALSE
	EndGlobalSection
	GlobalSection(ExtensibilityGlobals) = postSolution
		SolutionGuid = {6564F819-7458-4B9A-8957-7231EB92F824}
	EndGlobalSection
EndGlobal
